
Microsoft Visual Studio Solution File, Format Version 12.00
# Visual Studio Version 17
VisualStudioVersion = 17.14.36429.23
MinimumVisualStudioVersion = 10.0.40219.1
Project("{2150E333-8FDC-42A3-9474-1A3956D46DE8}") = "Task0", "Task0", "{36D591C7-65C7-A0D1-1CBC-10CDE441BDC8}"
EndProject
Project("{FAE04EC0-301F-11D3-BF4B-00C04F79EFBC}") = "Tyuiu.PuzyrevIV.Sprint0.Task0.V0", "Tyuiu.PuzyrevIV.Sprint0.Task0.V0\Tyuiu.PuzyrevIV.Sprint0.Task0.V0.csproj", "{6C568E6E-8235-4432-9210-78D1D891CE0F}"
EndProject
Project("{2150E333-8FDC-42A3-9474-1A3956D46DE8}") = "Task1", "Task1", "{F124E72D-6F3D-4DA9-A3C5-3418C35268D9}"
EndProject
Project("{FAE04EC0-301F-11D3-BF4B-00C04F79EFBC}") = "Tyuiu.PuzyrevIV.Sprint0.Task1.V0", "Tyuiu.PuzyrevIV.Sprint0.Task1.V0\Tyuiu.PuzyrevIV.Sprint0.Task1.V0.csproj", "{23A141D3-6AEB-418B-AF5C-58B65503A402}"
EndProject
Project("{2150E333-8FDC-42A3-9474-1A3956D46DE8}") = "Task2", "Task2", "{97F016CB-665C-4870-8230-AD3996949E72}"
EndProject
Project("{FAE04EC0-301F-11D3-BF4B-00C04F79EFBC}") = "Tyuiu.PuzyrevIV.Sprint0.Task2.V0", "Tyuiu.PuzyrevIV.Sprint0.Task2.V0\Tyuiu.PuzyrevIV.Sprint0.Task2.V0.csproj", "{72EA05F3-1D92-4DF8-BA2C-6BC66D7AA790}"
EndProject
Project("{FAE04EC0-301F-11D3-BF4B-00C04F79EFBC}") = "Tyuiu.PuzyrevIV.Sprint0.Task2.V0.Lib", "Tyuiu.PuzyrevIV.Sprint0.Task2.V0.Lib\Tyuiu.PuzyrevIV.Sprint0.Task2.V0.Lib.csproj", "{20F88924-35EA-4FAA-8584-A9AE5DE5B72D}"
EndProject
Project("{FAE04EC0-301F-11D3-BF4B-00C04F79EFBC}") = "Tyuiu.PuzyrevIV.Sprint0.Task2.V0.Test", "Tyuiu.PuzyrevIV.Sprint0.Task2.V0.Test\Tyuiu.PuzyrevIV.Sprint0.Task2.V0.Test.csproj", "{4FB937C4-D027-45A6-BB22-C2B77496EA30}"
EndProject
Project("{2150E333-8FDC-42A3-9474-1A3956D46DE8}") = "Task3", "Task3", "{5763B8DF-7B90-441C-812A-9D57EC46CF9F}"
EndProject
Project("{FAE04EC0-301F-11D3-BF4B-00C04F79EFBC}") = "Tyuiu.PuzyrevIV.Sprint0.Task3.V0", "Tyuiu.PuzyrevIV.Sprint0.Task3.V0\Tyuiu.PuzyrevIV.Sprint0.Task3.V0.csproj", "{89CC3930-15A1-41AD-9C38-208EC94923C9}"
EndProject
Project("{FAE04EC0-301F-11D3-BF4B-00C04F79EFBC}") = "Tyuiu.PuzyrevIV.Sprint0.Task3.V0.Lib", "Tyuiu.PuzyrevIV.Sprint0.Task3.V0.Lib\Tyuiu.PuzyrevIV.Sprint0.Task3.V0.Lib.csproj", "{45B3C79E-9067-4A89-BD62-F7FFD29B58B4}"
EndProject
Project("{FAE04EC0-301F-11D3-BF4B-00C04F79EFBC}") = "Tyuiu.PuzyrevIV.Sprint0.Task3.V0.Test", "Tyuiu.PuzyrevIV.Sprint0.Task3.V0.Test\Tyuiu.PuzyrevIV.Sprint0.Task3.V0.Test.csproj", "{BB98AFC0-A4C7-4901-B088-9E035DB04D07}"
EndProject
Project("{2150E333-8FDC-42A3-9474-1A3956D46DE8}") = "Task4", "Task4", "{0314DDA2-5ED8-414B-8DC1-6BC56CA51189}"
EndProject
Project("{FAE04EC0-301F-11D3-BF4B-00C04F79EFBC}") = "Tyuiu.PuzyrevIV.Sprint0.Task4.V0", "Tyuiu.PuzyrevIV.Sprint0.Task4.V0\Tyuiu.PuzyrevIV.Sprint0.Task4.V0.csproj", "{71C41EE0-5DE5-4E3D-9CBC-50CDC5874D6C}"
EndProject
Project("{FAE04EC0-301F-11D3-BF4B-00C04F79EFBC}") = "Tyuiu.PuzyrevIV.Sprint0.Task4.V0.Lib", "Tyuiu.PuzyrevIV.Sprint0.Task4.V0.Lib\Tyuiu.PuzyrevIV.Sprint0.Task4.V0.Lib.csproj", "{415D6227-254E-47BA-B4C2-7A897BF09DE1}"
EndProject
Project("{FAE04EC0-301F-11D3-BF4B-00C04F79EFBC}") = "Tyuiu.PuzyrevIV.Sprint0.Task4.V0.Test", "Tyuiu.PuzyrevIV.Sprint0.Task4.V0.Test\Tyuiu.PuzyrevIV.Sprint0.Task4.V0.Test.csproj", "{A9689B10-3E2D-4302-A9EB-C3F03579339A}"
EndProject
Project("{2150E333-8FDC-42A3-9474-1A3956D46DE8}") = "Task5", "Task5", "{F6EFE9D2-AECD-4CA9-BBBE-896E04807CE8}"
EndProject
Project("{FAE04EC0-301F-11D3-BF4B-00C04F79EFBC}") = "Tyuiu.PuzyrevIV.Sprint0.Task5.V0", "Tyuiu.PuzyrevIV.Sprint0.Task5.V0\Tyuiu.PuzyrevIV.Sprint0.Task5.V0.csproj", "{A9A4E2D6-8348-4D4A-A61C-43F125907EEF}"
EndProject
Project("{FAE04EC0-301F-11D3-BF4B-00C04F79EFBC}") = "Tyuiu.PuzyrevIV.Sprint0.Task5.V0.Lib", "Tyuiu.PuzyrevIV.Sprint0.Task5.V0.Lib\Tyuiu.PuzyrevIV.Sprint0.Task5.V0.Lib.csproj", "{E3F27DE3-3D90-4BC9-9F2C-9E0A55F7AEE8}"
EndProject
Project("{FAE04EC0-301F-11D3-BF4B-00C04F79EFBC}") = "Tyuiu.PuzyrevIV.Sprint0.Task5.V0.Test", "Tyuiu.PuzyrevIV.Sprint0.Task5.V0.Test\Tyuiu.PuzyrevIV.Sprint0.Task5.V0.Test.csproj", "{21ABA308-C6B5-412D-A632-3A4A538B8C1B}"
EndProject
Project("{2150E333-8FDC-42A3-9474-1A3956D46DE8}") = "Task6", "Task6", "{184F2838-115C-48C7-A77D-9C15C510BF38}"
EndProject
Project("{FAE04EC0-301F-11D3-BF4B-00C04F79EFBC}") = "Tyuiu.PuzyrevIV.Sprint0.Task6.V0", "Tyuiu.PuzyrevIV.Sprint0.Task6.V0\Tyuiu.PuzyrevIV.Sprint0.Task6.V0.csproj", "{0489E009-8EA8-4D3D-A0EA-DF76E37A8E3F}"
EndProject
Project("{FAE04EC0-301F-11D3-BF4B-00C04F79EFBC}") = "Tyuiu.SpirinIS.Sprint0.Task6.V0.Lib", "Tyuiu.SpirinIS.Sprint0.Task6.V0.Lib\Tyuiu.SpirinIS.Sprint0.Task6.V0.Lib.csproj", "{9B6E691C-0925-4ADD-A548-DA3D3138A4CC}"
EndProject
Project("{FAE04EC0-301F-11D3-BF4B-00C04F79EFBC}") = "Tyuiu.SpirinIS.Sprint0.Task6.V0.Test", "Tyuiu.SpirinIS.Sprint0.Task6.V0.Test\Tyuiu.SpirinIS.Sprint0.Task6.V0.Test.csproj", "{A40B2227-088C-4E5D-9FAA-32A9F1CFF2D7}"
EndProject
Global
	GlobalSection(SolutionConfigurationPlatforms) = preSolution
		Debug|Any CPU = Debug|Any CPU
		Release|Any CPU = Release|Any CPU
	EndGlobalSection
	GlobalSection(ProjectConfigurationPlatforms) = postSolution
		{6C568E6E-8235-4432-9210-78D1D891CE0F}.Debug|Any CPU.ActiveCfg = Debug|Any CPU
		{6C568E6E-8235-4432-9210-78D1D891CE0F}.Debug|Any CPU.Build.0 = Debug|Any CPU
		{6C568E6E-8235-4432-9210-78D1D891CE0F}.Release|Any CPU.ActiveCfg = Release|Any CPU
		{6C568E6E-8235-4432-9210-78D1D891CE0F}.Release|Any CPU.Build.0 = Release|Any CPU
		{23A141D3-6AEB-418B-AF5C-58B65503A402}.Debug|Any CPU.ActiveCfg = Debug|Any CPU
		{23A141D3-6AEB-418B-AF5C-58B65503A402}.Debug|Any CPU.Build.0 = Debug|Any CPU
		{23A141D3-6AEB-418B-AF5C-58B65503A402}.Release|Any CPU.ActiveCfg = Release|Any CPU
		{23A141D3-6AEB-418B-AF5C-58B65503A402}.Release|Any CPU.Build.0 = Release|Any CPU
		{72EA05F3-1D92-4DF8-BA2C-6BC66D7AA790}.Debug|Any CPU.ActiveCfg = Debug|Any CPU
		{72EA05F3-1D92-4DF8-BA2C-6BC66D7AA790}.Debug|Any CPU.Build.0 = Debug|Any CPU
		{72EA05F3-1D92-4DF8-BA2C-6BC66D7AA790}.Release|Any CPU.ActiveCfg = Release|Any CPU
		{72EA05F3-1D92-4DF8-BA2C-6BC66D7AA790}.Release|Any CPU.Build.0 = Release|Any CPU
		{20F88924-35EA-4FAA-8584-A9AE5DE5B72D}.Debug|Any CPU.ActiveCfg = Debug|Any CPU
		{20F88924-35EA-4FAA-8584-A9AE5DE5B72D}.Debug|Any CPU.Build.0 = Debug|Any CPU
		{20F88924-35EA-4FAA-8584-A9AE5DE5B72D}.Release|Any CPU.ActiveCfg = Release|Any CPU
		{20F88924-35EA-4FAA-8584-A9AE5DE5B72D}.Release|Any CPU.Build.0 = Release|Any CPU
		{4FB937C4-D027-45A6-BB22-C2B77496EA30}.Debug|Any CPU.ActiveCfg = Debug|Any CPU
		{4FB937C4-D027-45A6-BB22-C2B77496EA30}.Debug|Any CPU.Build.0 = Debug|Any CPU
		{4FB937C4-D027-45A6-BB22-C2B77496EA30}.Release|Any CPU.ActiveCfg = Release|Any CPU
		{4FB937C4-D027-45A6-BB22-C2B77496EA30}.Release|Any CPU.Build.0 = Release|Any CPU
		{89CC3930-15A1-41AD-9C38-208EC94923C9}.Debug|Any CPU.ActiveCfg = Debug|Any CPU
		{89CC3930-15A1-41AD-9C38-208EC94923C9}.Debug|Any CPU.Build.0 = Debug|Any CPU
		{89CC3930-15A1-41AD-9C38-208EC94923C9}.Release|Any CPU.ActiveCfg = Release|Any CPU
		{89CC3930-15A1-41AD-9C38-208EC94923C9}.Release|Any CPU.Build.0 = Release|Any CPU
		{45B3C79E-9067-4A89-BD62-F7FFD29B58B4}.Debug|Any CPU.ActiveCfg = Debug|Any CPU
		{45B3C79E-9067-4A89-BD62-F7FFD29B58B4}.Debug|Any CPU.Build.0 = Debug|Any CPU
		{45B3C79E-9067-4A89-BD62-F7FFD29B58B4}.Release|Any CPU.ActiveCfg = Release|Any CPU
		{45B3C79E-9067-4A89-BD62-F7FFD29B58B4}.Release|Any CPU.Build.0 = Release|Any CPU
		{BB98AFC0-A4C7-4901-B088-9E035DB04D07}.Debug|Any CPU.ActiveCfg = Debug|Any CPU
		{BB98AFC0-A4C7-4901-B088-9E035DB04D07}.Debug|Any CPU.Build.0 = Debug|Any CPU
		{BB98AFC0-A4C7-4901-B088-9E035DB04D07}.Release|Any CPU.ActiveCfg = Release|Any CPU
		{BB98AFC0-A4C7-4901-B088-9E035DB04D07}.Release|Any CPU.Build.0 = Release|Any CPU
		{71C41EE0-5DE5-4E3D-9CBC-50CDC5874D6C}.Debug|Any CPU.ActiveCfg = Debug|Any CPU
		{71C41EE0-5DE5-4E3D-9CBC-50CDC5874D6C}.Debug|Any CPU.Build.0 = Debug|Any CPU
		{71C41EE0-5DE5-4E3D-9CBC-50CDC5874D6C}.Release|Any CPU.ActiveCfg = Release|Any CPU
		{71C41EE0-5DE5-4E3D-9CBC-50CDC5874D6C}.Release|Any CPU.Build.0 = Release|Any CPU
		{415D6227-254E-47BA-B4C2-7A897BF09DE1}.Debug|Any CPU.ActiveCfg = Debug|Any CPU
		{415D6227-254E-47BA-B4C2-7A897BF09DE1}.Debug|Any CPU.Build.0 = Debug|Any CPU
		{415D6227-254E-47BA-B4C2-7A897BF09DE1}.Release|Any CPU.ActiveCfg = Release|Any CPU
		{415D6227-254E-47BA-B4C2-7A897BF09DE1}.Release|Any CPU.Build.0 = Release|Any CPU
		{A9689B10-3E2D-4302-A9EB-C3F03579339A}.Debug|Any CPU.ActiveCfg = Debug|Any CPU
		{A9689B10-3E2D-4302-A9EB-C3F03579339A}.Debug|Any CPU.Build.0 = Debug|Any CPU
		{A9689B10-3E2D-4302-A9EB-C3F03579339A}.Release|Any CPU.ActiveCfg = Release|Any CPU
		{A9689B10-3E2D-4302-A9EB-C3F03579339A}.Release|Any CPU.Build.0 = Release|Any CPU
		{A9A4E2D6-8348-4D4A-A61C-43F125907EEF}.Debug|Any CPU.ActiveCfg = Debug|Any CPU
		{A9A4E2D6-8348-4D4A-A61C-43F125907EEF}.Debug|Any CPU.Build.0 = Debug|Any CPU
		{A9A4E2D6-8348-4D4A-A61C-43F125907EEF}.Release|Any CPU.ActiveCfg = Release|Any CPU
		{A9A4E2D6-8348-4D4A-A61C-43F125907EEF}.Release|Any CPU.Build.0 = Release|Any CPU
		{E3F27DE3-3D90-4BC9-9F2C-9E0A55F7AEE8}.Debug|Any CPU.ActiveCfg = Debug|Any CPU
		{E3F27DE3-3D90-4BC9-9F2C-9E0A55F7AEE8}.Debug|Any CPU.Build.0 = Debug|Any CPU
		{E3F27DE3-3D90-4BC9-9F2C-9E0A55F7AEE8}.Release|Any CPU.ActiveCfg = Release|Any CPU
		{E3F27DE3-3D90-4BC9-9F2C-9E0A55F7AEE8}.Release|Any CPU.Build.0 = Release|Any CPU
		{21ABA308-C6B5-412D-A632-3A4A538B8C1B}.Debug|Any CPU.ActiveCfg = Debug|Any CPU
		{21ABA308-C6B5-412D-A632-3A4A538B8C1B}.Debug|Any CPU.Build.0 = Debug|Any CPU
		{21ABA308-C6B5-412D-A632-3A4A538B8C1B}.Release|Any CPU.ActiveCfg = Release|Any CPU
		{21ABA308-C6B5-412D-A632-3A4A538B8C1B}.Release|Any CPU.Build.0 = Release|Any CPU
		{0489E009-8EA8-4D3D-A0EA-DF76E37A8E3F}.Debug|Any CPU.ActiveCfg = Debug|Any CPU
		{0489E009-8EA8-4D3D-A0EA-DF76E37A8E3F}.Debug|Any CPU.Build.0 = Debug|Any CPU
		{0489E009-8EA8-4D3D-A0EA-DF76E37A8E3F}.Release|Any CPU.ActiveCfg = Release|Any CPU
		{0489E009-8EA8-4D3D-A0EA-DF76E37A8E3F}.Release|Any CPU.Build.0 = Release|Any CPU
		{9B6E691C-0925-4ADD-A548-DA3D3138A4CC}.Debug|Any CPU.ActiveCfg = Debug|Any CPU
		{9B6E691C-0925-4ADD-A548-DA3D3138A4CC}.Debug|Any CPU.Build.0 = Debug|Any CPU
		{9B6E691C-0925-4ADD-A548-DA3D3138A4CC}.Release|Any CPU.ActiveCfg = Release|Any CPU
		{9B6E691C-0925-4ADD-A548-DA3D3138A4CC}.Release|Any CPU.Build.0 = Release|Any CPU
		{A40B2227-088C-4E5D-9FAA-32A9F1CFF2D7}.Debug|Any CPU.ActiveCfg = Debug|Any CPU
		{A40B2227-088C-4E5D-9FAA-32A9F1CFF2D7}.Debug|Any CPU.Build.0 = Debug|Any CPU
		{A40B2227-088C-4E5D-9FAA-32A9F1CFF2D7}.Release|Any CPU.ActiveCfg = Release|Any CPU
		{A40B2227-088C-4E5D-9FAA-32A9F1CFF2D7}.Release|Any CPU.Build.0 = Release|Any CPU
	EndGlobalSection
	GlobalSection(SolutionProperties) = preSolution
		HideSolutionNode = FALSE
	EndGlobalSection
	GlobalSection(NestedProjects) = preSolution
		{6C568E6E-8235-4432-9210-78D1D891CE0F} = {36D591C7-65C7-A0D1-1CBC-10CDE441BDC8}
		{23A141D3-6AEB-418B-AF5C-58B65503A402} = {F124E72D-6F3D-4DA9-A3C5-3418C35268D9}
		{72EA05F3-1D92-4DF8-BA2C-6BC66D7AA790} = {97F016CB-665C-4870-8230-AD3996949E72}
		{20F88924-35EA-4FAA-8584-A9AE5DE5B72D} = {97F016CB-665C-4870-8230-AD3996949E72}
		{4FB937C4-D027-45A6-BB22-C2B77496EA30} = {97F016CB-665C-4870-8230-AD3996949E72}
		{89CC3930-15A1-41AD-9C38-208EC94923C9} = {5763B8DF-7B90-441C-812A-9D57EC46CF9F}
		{45B3C79E-9067-4A89-BD62-F7FFD29B58B4} = {5763B8DF-7B90-441C-812A-9D57EC46CF9F}
		{BB98AFC0-A4C7-4901-B088-9E035DB04D07} = {5763B8DF-7B90-441C-812A-9D57EC46CF9F}
		{71C41EE0-5DE5-4E3D-9CBC-50CDC5874D6C} = {0314DDA2-5ED8-414B-8DC1-6BC56CA51189}
		{415D6227-254E-47BA-B4C2-7A897BF09DE1} = {0314DDA2-5ED8-414B-8DC1-6BC56CA51189}
		{A9689B10-3E2D-4302-A9EB-C3F03579339A} = {0314DDA2-5ED8-414B-8DC1-6BC56CA51189}
		{A9A4E2D6-8348-4D4A-A61C-43F125907EEF} = {F6EFE9D2-AECD-4CA9-BBBE-896E04807CE8}
		{E3F27DE3-3D90-4BC9-9F2C-9E0A55F7AEE8} = {F6EFE9D2-AECD-4CA9-BBBE-896E04807CE8}
		{21ABA308-C6B5-412D-A632-3A4A538B8C1B} = {F6EFE9D2-AECD-4CA9-BBBE-896E04807CE8}
		{0489E009-8EA8-4D3D-A0EA-DF76E37A8E3F} = {184F2838-115C-48C7-A77D-9C15C510BF38}
		{9B6E691C-0925-4ADD-A548-DA3D3138A4CC} = {184F2838-115C-48C7-A77D-9C15C510BF38}
		{A40B2227-088C-4E5D-9FAA-32A9F1CFF2D7} = {184F2838-115C-48C7-A77D-9C15C510BF38}
	EndGlobalSection
	GlobalSection(ExtensibilityGlobals) = postSolution
		SolutionGuid = {F319FF99-DE86-4775-BC68-62AD34F6DDFA}
	EndGlobalSection
EndGlobal
